
Microsoft Visual Studio Solution File, Format Version 12.00
# Visual Studio Version 17
VisualStudioVersion = 17.9.34728.123
MinimumVisualStudioVersion = 10.0.40219.1
Project("{FAE04EC0-301F-11D3-BF4B-00C04F79EFBC}") = "SignalRClient", "SignalRClient\SignalRClient.csproj", "{33C647EF-6433-45BC-803D-4A046CE93A02}"
EndProject
Global
	GlobalSection(SolutionConfigurationPlatforms) = preSolution
		Debug|Any CPU = Debug|Any CPU
		Release|Any CPU = Release|Any CPU
	EndGlobalSection
	GlobalSection(ProjectConfigurationPlatforms) = postSolution
		{33C647EF-6433-45BC-803D-4A046CE93A02}.Debug|Any CPU.ActiveCfg = Debug|Any CPU
		{33C647EF-6433-45BC-803D-4A046CE93A02}.Debug|Any CPU.Build.0 = Debug|Any CPU
		{33C647EF-6433-45BC-803D-4A046CE93A02}.Release|Any CPU.ActiveCfg = Release|Any CPU
		{33C647EF-6433-45BC-803D-4A046CE93A02}.Release|Any CPU.Build.0 = Release|Any CPU
	EndGlobalSection
	GlobalSection(SolutionProperties) = preSolution
		HideSolutionNode = FALSE
	EndGlobalSection
	GlobalSection(ExtensibilityGlobals) = postSolution
		SolutionGuid = {73D1CD65-3714-4843-93BD-19FC373F249C}
	EndGlobalSection
EndGlobal
